
Microsoft Visual Studio Solution File, Format Version 12.00
# Visual Studio 15
VisualStudioVersion = 15.0.28307.489
MinimumVisualStudioVersion = 10.0.40219.1
Project("{9A19103F-16F7-4668-BE54-9A1E7A4F7556}") = "NaucnaCentralaBackend", "NaucnaCentralaBackend\NaucnaCentralaBackend.csproj", "{EE6726EE-A0F8-4A7D-B1C9-87BA3E6E0FBD}"
EndProject
Global
	GlobalSection(SolutionConfigurationPlatforms) = preSolution
		Debug|Any CPU = Debug|Any CPU
		Release|Any CPU = Release|Any CPU
	EndGlobalSection
	GlobalSection(ProjectConfigurationPlatforms) = postSolution
		{EE6726EE-A0F8-4A7D-B1C9-87BA3E6E0FBD}.Debug|Any CPU.ActiveCfg = Debug|Any CPU
		{EE6726EE-A0F8-4A7D-B1C9-87BA3E6E0FBD}.Debug|Any CPU.Build.0 = Debug|Any CPU
		{EE6726EE-A0F8-4A7D-B1C9-87BA3E6E0FBD}.Release|Any CPU.ActiveCfg = Release|Any CPU
		{EE6726EE-A0F8-4A7D-B1C9-87BA3E6E0FBD}.Release|Any CPU.Build.0 = Release|Any CPU
	EndGlobalSection
	GlobalSection(SolutionProperties) = preSolution
		HideSolutionNode = FALSE
	EndGlobalSection
	GlobalSection(ExtensibilityGlobals) = postSolution
		SolutionGuid = {A505DC0D-AE3F-4D08-B538-B5933900F1C8}
	EndGlobalSection
EndGlobal
